
Microsoft Visual Studio Solution File, Format Version 12.00
# Visual Studio Version 17
VisualStudioVersion = 17.7.34003.232
MinimumVisualStudioVersion = 10.0.40219.1
Project("{9A19103F-16F7-4668-BE54-9A1E7A4F7556}") = "ShopOnline.Web", "ShopOnline.Web\ShopOnline.Web.csproj", "{50E4BBA8-FFD3-42C0-BAB1-EB936DF9079E}"
EndProject
Project("{9A19103F-16F7-4668-BE54-9A1E7A4F7556}") = "ShopOnline.Api", "ShopOnline.Api\ShopOnline.Api.csproj", "{AB9F9E93-1E03-434C-B9A6-9C26D673797A}"
EndProject
Project("{FAE04EC0-301F-11D3-BF4B-00C04F79EFBC}") = "ShopOnline.Models", "ShopOnline.Models\ShopOnline.Models.csproj", "{9009D460-E21E-4672-A2CA-24D0983827C8}"
EndProject
Global
	GlobalSection(SolutionConfigurationPlatforms) = preSolution
		Debug|Any CPU = Debug|Any CPU
		Release|Any CPU = Release|Any CPU
	EndGlobalSection
	GlobalSection(ProjectConfigurationPlatforms) = postSolution
		{50E4BBA8-FFD3-42C0-BAB1-EB936DF9079E}.Debug|Any CPU.ActiveCfg = Debug|Any CPU
		{50E4BBA8-FFD3-42C0-BAB1-EB936DF9079E}.Debug|Any CPU.Build.0 = Debug|Any CPU
		{50E4BBA8-FFD3-42C0-BAB1-EB936DF9079E}.Release|Any CPU.ActiveCfg = Release|Any CPU
		{50E4BBA8-FFD3-42C0-BAB1-EB936DF9079E}.Release|Any CPU.Build.0 = Release|Any CPU
		{AB9F9E93-1E03-434C-B9A6-9C26D673797A}.Debug|Any CPU.ActiveCfg = Debug|Any CPU
		{AB9F9E93-1E03-434C-B9A6-9C26D673797A}.Debug|Any CPU.Build.0 = Debug|Any CPU
		{AB9F9E93-1E03-434C-B9A6-9C26D673797A}.Release|Any CPU.ActiveCfg = Release|Any CPU
		{AB9F9E93-1E03-434C-B9A6-9C26D673797A}.Release|Any CPU.Build.0 = Release|Any CPU
		{9009D460-E21E-4672-A2CA-24D0983827C8}.Debug|Any CPU.ActiveCfg = Debug|Any CPU
		{9009D460-E21E-4672-A2CA-24D0983827C8}.Debug|Any CPU.Build.0 = Debug|Any CPU
		{9009D460-E21E-4672-A2CA-24D0983827C8}.Release|Any CPU.ActiveCfg = Release|Any CPU
		{9009D460-E21E-4672-A2CA-24D0983827C8}.Release|Any CPU.Build.0 = Release|Any CPU
	EndGlobalSection
	GlobalSection(SolutionProperties) = preSolution
		HideSolutionNode = FALSE
	EndGlobalSection
	GlobalSection(ExtensibilityGlobals) = postSolution
		SolutionGuid = {0AC00DBE-28E1-4FA6-9FE2-3965C7BA7BAF}
	EndGlobalSection
EndGlobal
